Microsoft Visual Studio Solution File, Format Version 12.00
# Visual Studio Version 17
VisualStudioVersion = 17.12.35506.116 d17.12
MinimumVisualStudioVersion = 10.0.40219.1
Project("{9A19103F-16F7-4668-BE54-9A1E7A4F7556}") = "OqTenants.Server", "Server\OqTenants.Server.csproj", "{44A3364B-C464-4F3A-9686-78A406C89322}"
EndProject
Project("{9A19103F-16F7-4668-BE54-9A1E7A4F7556}") = "OqTenants.Client", "Client\OqTenants.Client.csproj", "{0045D5D0-B1CF-4189-8B16-8FF5D28BF6EB}"
EndProject
Project("{9A19103F-16F7-4668-BE54-9A1E7A4F7556}") = "OqTenants.Shared", "Shared\OqTenants.Shared.csproj", "{479F9D04-606E-4968-B5AE-5BAF3BDC29C6}"
EndProject
Global
	GlobalSection(SolutionConfigurationPlatforms) = preSolution
		Debug|Any CPU = Debug|Any CPU
		Release|Any CPU = Release|Any CPU
	EndGlobalSection
	GlobalSection(ProjectConfigurationPlatforms) = postSolution
		{44A3364B-C464-4F3A-9686-78A406C89322}.Debug|Any CPU.ActiveCfg = Debug|Any CPU
		{44A3364B-C464-4F3A-9686-78A406C89322}.Debug|Any CPU.Build.0 = Debug|Any CPU
		{44A3364B-C464-4F3A-9686-78A406C89322}.Release|Any CPU.ActiveCfg = Release|Any CPU
		{44A3364B-C464-4F3A-9686-78A406C89322}.Release|Any CPU.Build.0 = Release|Any CPU
		{0045D5D0-B1CF-4189-8B16-8FF5D28BF6EB}.Debug|Any CPU.ActiveCfg = Debug|Any CPU
		{0045D5D0-B1CF-4189-8B16-8FF5D28BF6EB}.Debug|Any CPU.Build.0 = Debug|Any CPU
		{0045D5D0-B1CF-4189-8B16-8FF5D28BF6EB}.Release|Any CPU.ActiveCfg = Release|Any CPU
		{0045D5D0-B1CF-4189-8B16-8FF5D28BF6EB}.Release|Any CPU.Build.0 = Release|Any CPU
		{479F9D04-606E-4968-B5AE-5BAF3BDC29C6}.Debug|Any CPU.ActiveCfg = Debug|Any CPU
		{479F9D04-606E-4968-B5AE-5BAF3BDC29C6}.Debug|Any CPU.Build.0 = Debug|Any CPU
		{479F9D04-606E-4968-B5AE-5BAF3BDC29C6}.Release|Any CPU.ActiveCfg = Release|Any CPU
		{479F9D04-606E-4968-B5AE-5BAF3BDC29C6}.Release|Any CPU.Build.0 = Release|Any CPU
	EndGlobalSection
	GlobalSection(SolutionProperties) = preSolution
		HideSolutionNode = FALSE
	EndGlobalSection
EndGlobal
